
Microsoft Visual Studio Solution File, Format Version 12.00
# Visual Studio Version 17
VisualStudioVersion = 17.3.32825.248
MinimumVisualStudioVersion = 10.0.40219.1
Project("{FAE04EC0-301F-11D3-BF4B-00C04F79EFBC}") = "Week6StringsAndArrays", "Week6StringsAndArrays\Week6StringsAndArrays.csproj", "{1E9ADB1C-00AA-4011-8BBB-68AC2DE71869}"
EndProject
Project("{FAE04EC0-301F-11D3-BF4B-00C04F79EFBC}") = "Arrays", "Arrays\Arrays.csproj", "{E5AB1440-F4A3-4E0C-82AE-FB6AED7EFF08}"
EndProject
Project("{FAE04EC0-301F-11D3-BF4B-00C04F79EFBC}") = "NumberArray", "NumberArray\NumberArray.csproj", "{D56DB292-7C36-4497-8828-B44213E198B0}"
EndProject
Project("{FAE04EC0-301F-11D3-BF4B-00C04F79EFBC}") = "RandomElement", "RandomElement\RandomElement.csproj", "{38BEE0B4-BD94-4AF7-BCF2-070FB00E5805}"
EndProject
Global
	GlobalSection(SolutionConfigurationPlatforms) = preSolution
		Debug|Any CPU = Debug|Any CPU
		Release|Any CPU = Release|Any CPU
	EndGlobalSection
	GlobalSection(ProjectConfigurationPlatforms) = postSolution
		{1E9ADB1C-00AA-4011-8BBB-68AC2DE71869}.Debug|Any CPU.ActiveCfg = Debug|Any CPU
		{1E9ADB1C-00AA-4011-8BBB-68AC2DE71869}.Debug|Any CPU.Build.0 = Debug|Any CPU
		{1E9ADB1C-00AA-4011-8BBB-68AC2DE71869}.Release|Any CPU.ActiveCfg = Release|Any CPU
		{1E9ADB1C-00AA-4011-8BBB-68AC2DE71869}.Release|Any CPU.Build.0 = Release|Any CPU
		{E5AB1440-F4A3-4E0C-82AE-FB6AED7EFF08}.Debug|Any CPU.ActiveCfg = Debug|Any CPU
		{E5AB1440-F4A3-4E0C-82AE-FB6AED7EFF08}.Debug|Any CPU.Build.0 = Debug|Any CPU
		{E5AB1440-F4A3-4E0C-82AE-FB6AED7EFF08}.Release|Any CPU.ActiveCfg = Release|Any CPU
		{E5AB1440-F4A3-4E0C-82AE-FB6AED7EFF08}.Release|Any CPU.Build.0 = Release|Any CPU
		{D56DB292-7C36-4497-8828-B44213E198B0}.Debug|Any CPU.ActiveCfg = Debug|Any CPU
		{D56DB292-7C36-4497-8828-B44213E198B0}.Debug|Any CPU.Build.0 = Debug|Any CPU
		{D56DB292-7C36-4497-8828-B44213E198B0}.Release|Any CPU.ActiveCfg = Release|Any CPU
		{D56DB292-7C36-4497-8828-B44213E198B0}.Release|Any CPU.Build.0 = Release|Any CPU
		{38BEE0B4-BD94-4AF7-BCF2-070FB00E5805}.Debug|Any CPU.ActiveCfg = Debug|Any CPU
		{38BEE0B4-BD94-4AF7-BCF2-070FB00E5805}.Debug|Any CPU.Build.0 = Debug|Any CPU
		{38BEE0B4-BD94-4AF7-BCF2-070FB00E5805}.Release|Any CPU.ActiveCfg = Release|Any CPU
		{38BEE0B4-BD94-4AF7-BCF2-070FB00E5805}.Release|Any CPU.Build.0 = Release|Any CPU
	EndGlobalSection
	GlobalSection(SolutionProperties) = preSolution
		HideSolutionNode = FALSE
	EndGlobalSection
	GlobalSection(ExtensibilityGlobals) = postSolution
		SolutionGuid = {5A6E81E7-6204-44B2-A358-2B6267F22C15}
	EndGlobalSection
EndGlobal
